
Microsoft Visual Studio Solution File, Format Version 12.00
# Visual Studio Version 17
VisualStudioVersion = 17.1.32210.238
MinimumVisualStudioVersion = 10.0.40219.1
Project("{FAE04EC0-301F-11D3-BF4B-00C04F79EFBC}") = "OnSaniyeGeriSayım(timer)", "OnSaniyeGeriSayım(timer).csproj", "{879FEAD7-BFAD-4E6D-B044-1DFA059879D2}"
EndProject
Global
	GlobalSection(SolutionConfigurationPlatforms) = preSolution
		Debug|Any CPU = Debug|Any CPU
		Release|Any CPU = Release|Any CPU
	EndGlobalSection
	GlobalSection(ProjectConfigurationPlatforms) = postSolution
		{879FEAD7-BFAD-4E6D-B044-1DFA059879D2}.Debug|Any CPU.ActiveCfg = Debug|Any CPU
		{879FEAD7-BFAD-4E6D-B044-1DFA059879D2}.Debug|Any CPU.Build.0 = Debug|Any CPU
		{879FEAD7-BFAD-4E6D-B044-1DFA059879D2}.Release|Any CPU.ActiveCfg = Release|Any CPU
		{879FEAD7-BFAD-4E6D-B044-1DFA059879D2}.Release|Any CPU.Build.0 = Release|Any CPU
	EndGlobalSection
	GlobalSection(SolutionProperties) = preSolution
		HideSolutionNode = FALSE
	EndGlobalSection
	GlobalSection(ExtensibilityGlobals) = postSolution
		SolutionGuid = {7014C3F1-7442-4FF8-A9FB-DA65A116D8C1}
	EndGlobalSection
EndGlobal
